
Microsoft Visual Studio Solution File, Format Version 12.00
# Visual Studio Version 16
VisualStudioVersion = 16.0.28803.156
MinimumVisualStudioVersion = 10.0.40219.1
Project("{FAE04EC0-301F-11D3-BF4B-00C04F79EFBC}") = "SalesWebMvc", "SalesWebMvc\SalesWebMvc.csproj", "{097AFB66-7009-489B-B8CF-BB7B05610765}"
EndProject
Global
	GlobalSection(SolutionConfigurationPlatforms) = preSolution
		Debug|Any CPU = Debug|Any CPU
		Release|Any CPU = Release|Any CPU
	EndGlobalSection
	GlobalSection(ProjectConfigurationPlatforms) = postSolution
		{097AFB66-7009-489B-B8CF-BB7B05610765}.Debug|Any CPU.ActiveCfg = Debug|Any CPU
		{097AFB66-7009-489B-B8CF-BB7B05610765}.Debug|Any CPU.Build.0 = Debug|Any CPU
		{097AFB66-7009-489B-B8CF-BB7B05610765}.Release|Any CPU.ActiveCfg = Release|Any CPU
		{097AFB66-7009-489B-B8CF-BB7B05610765}.Release|Any CPU.Build.0 = Release|Any CPU
	EndGlobalSection
	GlobalSection(SolutionProperties) = preSolution
		HideSolutionNode = FALSE
	EndGlobalSection
	GlobalSection(ExtensibilityGlobals) = postSolution
		SolutionGuid = {7F34940A-C736-4D16-8DE8-001D2096BC65}
	EndGlobalSection
EndGlobal
